<?xml version="1.0" encoding="utf-8"?>
<Project ToolsVersion="4.0" xmlns="http://schemas.microsoft.com/developer/msbuild/2003">
  <ItemGroup>
    <Filter Include="Source Files">
      <UniqueIdentifier>{4FC737F1-C7A5-4376-A066-2A32D752A2FF}</UniqueIdentifier>
      <Extensions>qml;cpp;c;cc;cxx;def;odl;idl;hpj;bat;asm;asmx</Extensions>
    </Filter>
    <Filter Include="Header Files">
      <UniqueIdentifier>{93995380-89BD-4b04-88EB-625FBE52EBFB}</UniqueIdentifier>
      <Extensions>h;hh;hpp;hxx;hm;inl;inc;xsd</Extensions>
    </Filter>
    <Filter Include="Translation Files">
      <UniqueIdentifier>{639EADAA-A684-42e4-A9AD-28FC9BCB8F7C}</UniqueIdentifier>
      <Extensions>ts</Extensions>
    </Filter>
    <Filter Include="Source Files\Resource Files">
      <UniqueIdentifier>{67DA6AB6-F800-4c08-8B7A-83BB121AAD01}</UniqueIdentifier>
      <Extensions>qrc;rc;ico;cur;bmp;dlg;rc2;rct;bin;rgs;gif;jpg;jpeg;jpe;resx;tiff;tif;png;wav;mfcribbon-ms</Extensions>
    </Filter>
  </ItemGroup>
  <ItemGroup>
    <QtRcc Include="GameDemo1.qrc">
      <Filter>Source Files\Resource Files</Filter>
    </QtRcc>
    <QtMoc Include="GameDemo1.h">
      <Filter>Header Files</Filter>
    </QtMoc>
    <ClCompile Include="GameDemo1.cpp">
      <Filter>Source Files</Filter>
    </ClCompile>
  </ItemGroup>
  <ItemGroup>
    <ClCompile Include="main.cpp">
      <Filter>Source Files</Filter>
    </ClCompile>
    <ClCompile Include="GameObject.cpp">
      <Filter>Source Files</Filter>
    </ClCompile>
    <ClCompile Include="EnemySide.cpp">
      <Filter>Source Files</Filter>
    </ClCompile>
    <ClCompile Include="GameDefine.cpp">
      <Filter>Source Files</Filter>
    </ClCompile>
    <ClCompile Include="GameControl.cpp">
      <Filter>Source Files</Filter>
    </ClCompile>
    <ClCompile Include="GameObjectPool.cpp">
      <Filter>Source Files</Filter>
    </ClCompile>
    <ClCompile Include="SignIn.cpp">
      <Filter>Source Files</Filter>
    </ClCompile>
    <ClCompile Include="Monster1.cpp">
      <Filter>Source Files</Filter>
    </ClCompile>
    <ClCompile Include="Monster2.cpp">
      <Filter>Source Files</Filter>
    </ClCompile>
    <ClCompile Include="GameMap.cpp">
      <Filter>Source Files</Filter>
    </ClCompile>
    <ClCompile Include="MySide.cpp">
      <Filter>Source Files</Filter>
    </ClCompile>
    <ClCompile Include="Tower1.cpp">
      <Filter>Source Files</Filter>
    </ClCompile>
    <ClCompile Include="MyScene.cpp">
      <Filter>Source Files</Filter>
    </ClCompile>
    <ClCompile Include="MyView.cpp">
      <Filter>Source Files</Filter>
    </ClCompile>
    <ClCompile Include="MapItem.cpp">
      <Filter>Source Files</Filter>
    </ClCompile>
    <ClCompile Include="Card.cpp">
      <Filter>Source Files</Filter>
    </ClCompile>
    <ClCompile Include="MyMime.cpp">
      <Filter>Source Files</Filter>
    </ClCompile>
    <ClCompile Include="IconCards.cpp">
      <Filter>Source Files</Filter>
    </ClCompile>
    <ClCompile Include="IconBox.cpp">
      <Filter>Source Files</Filter>
    </ClCompile>
    <ClCompile Include="Bullet.cpp">
      <Filter>Source Files</Filter>
    </ClCompile>
    <ClCompile Include="RoleAni.cpp">
      <Filter>Source Files</Filter>
    </ClCompile>
    <ClCompile Include="Tower2.cpp">
      <Filter>Source Files</Filter>
    </ClCompile>
    <ClCompile Include="Tower3.cpp">
      <Filter>Source Files</Filter>
    </ClCompile>
    <ClCompile Include="Tower4.cpp">
      <Filter>Source Files</Filter>
    </ClCompile>
    <ClCompile Include="Tower5.cpp">
      <Filter>Source Files</Filter>
    </ClCompile>
    <ClCompile Include="Tower6.cpp">
      <Filter>Source Files</Filter>
    </ClCompile>
    <ClCompile Include="Tower7.cpp">
      <Filter>Source Files</Filter>
    </ClCompile>
    <ClCompile Include="Tower8.cpp">
      <Filter>Source Files</Filter>
    </ClCompile>
    <ClCompile Include="Tower9.cpp">
      <Filter>Source Files</Filter>
    </ClCompile>
    <ClCompile Include="MyLabel.cpp">
      <Filter>Source Files</Filter>
    </ClCompile>
  </ItemGroup>
  <ItemGroup>
    <ClInclude Include="GameObject.h">
      <Filter>Header Files</Filter>
    </ClInclude>
    <ClInclude Include="EnemySide.h">
      <Filter>Header Files</Filter>
    </ClInclude>
    <ClInclude Include="GameDefine.h">
      <Filter>Header Files</Filter>
    </ClInclude>
    <ClInclude Include="GameControl.h">
      <Filter>Header Files</Filter>
    </ClInclude>
    <ClInclude Include="GameObjectPool.h">
      <Filter>Header Files</Filter>
    </ClInclude>
    <ClInclude Include="SignIn.h">
      <Filter>Header Files</Filter>
    </ClInclude>
    <ClInclude Include="Monster1.h">
      <Filter>Header Files</Filter>
    </ClInclude>
    <ClInclude Include="Monster2.h">
      <Filter>Header Files</Filter>
    </ClInclude>
    <ClInclude Include="MySide.h">
      <Filter>Header Files</Filter>
    </ClInclude>
    <ClInclude Include="Tower1.h">
      <Filter>Header Files</Filter>
    </ClInclude>
    <ClInclude Include="MyScene.h">
      <Filter>Header Files</Filter>
    </ClInclude>
    <ClInclude Include="MyView.h">
      <Filter>Header Files</Filter>
    </ClInclude>
    <ClInclude Include="MapItem.h">
      <Filter>Header Files</Filter>
    </ClInclude>
    <ClInclude Include="Card.h">
      <Filter>Header Files</Filter>
    </ClInclude>
    <ClInclude Include="MyMime.h">
      <Filter>Header Files</Filter>
    </ClInclude>
    <ClInclude Include="IconCards.h">
      <Filter>Header Files</Filter>
    </ClInclude>
    <ClInclude Include="IconBox.h">
      <Filter>Header Files</Filter>
    </ClInclude>
    <ClInclude Include="Bullet.h">
      <Filter>Header Files</Filter>
    </ClInclude>
    <ClInclude Include="RoleAni.h">
      <Filter>Header Files</Filter>
    </ClInclude>
    <ClInclude Include="Tower2.h">
      <Filter>Header Files</Filter>
    </ClInclude>
    <ClInclude Include="Tower3.h">
      <Filter>Header Files</Filter>
    </ClInclude>
    <ClInclude Include="Tower4.h">
      <Filter>Header Files</Filter>
    </ClInclude>
    <ClInclude Include="Tower5.h">
      <Filter>Header Files</Filter>
    </ClInclude>
    <ClInclude Include="Tower6.h">
      <Filter>Header Files</Filter>
    </ClInclude>
    <ClInclude Include="Tower7.h">
      <Filter>Header Files</Filter>
    </ClInclude>
    <ClInclude Include="Tower8.h">
      <Filter>Header Files</Filter>
    </ClInclude>
    <ClInclude Include="Tower9.h">
      <Filter>Header Files</Filter>
    </ClInclude>
    <ClInclude Include="MyLabel.h">
      <Filter>Header Files</Filter>
    </ClInclude>
  </ItemGroup>
  <ItemGroup>
    <QtMoc Include="GameMap.h">
      <Filter>Header Files</Filter>
    </QtMoc>
  </ItemGroup>
</Project>